# agent-suite compatibility lock — generated by `agent-suite lock`
# Do not edit by hand; regenerate with `agent-suite lock`.

[suite]
release = "1.0.0-dev"
regista_library_version = "0.5.1"
regista_schema_version = 43
regista_workflow_version = "2"
regista_envelope_version = 5

[components.agent-capability-broker]
repo = "hraedon/agent-capability-broker"
version = "0.1.0"
revision = "9610aef6c0d223bc33157b200711953700ce747d"

[components.agent-notes]
repo = "hraedon/agent-notes"
version = "1.0.0"
revision = "a33e95092342b8d723a72d66275892531907ec64"

[components.agent-provenance]
repo = "hraedon/agent-provenance"
version = "0.1.0"
revision = "3605d67f15b03e0ed2dc2ce12f719729607066af"

[components.agent-wake]
repo = "hraedon/agent-wake"
version = "0.1.0"
revision = "90d83803e0824be132dfa531c07daa364a753966"

[components.dossier]
repo = "hraedon/dossier"
version = "0.0.1"
revision = "db834d834a7f3291acbe9206fcc6226f0b5f96c6"

[components.regista]
repo = "hraedon/regista"
version = "0.5.1"
revision = "ea434ace9a65bdcadf6161056433b57d7afeca01"

[memory_provider]
provider_name = "hindsight"
protocol_version = "1.0"
deployment_mode = "remote"
support_level = "supported"

