# agent-suite compatibility lock — generated by `agent-suite lock`
# Do not edit by hand; regenerate with `agent-suite lock`.

[suite]
release = "0.0.1"
regista_library_version = "0.4.0"
regista_schema_version = 42
regista_workflow_version = "2"
regista_envelope_version = 5

[components.agent-notes]
repo = "YOUR-ORG/agent-notes"
version = "1.0.0"

[components.agent-provenance]
repo = "YOUR-ORG/agent-provenance"
version = "0.1.0"

[components.agent-wake]
repo = "YOUR-ORG/agent-wake"
version = "0.1.0"

[components.regista]
repo = "YOUR-ORG/regista"
version = "0.4.0"

