# agent-suite compatibility lock — generated by `agent-suite lock`
# Do not edit by hand; regenerate with `agent-suite lock`.

[suite]
release = "1.0.0-dev"
regista_library_version = "0.5.5"
regista_schema_version = 44
regista_workflow_version = "2"
regista_envelope_version = 5

[components.agent-capability-broker]
repo = "hraedon/agent-capability-broker"
version = "0.1.0"
revision = "e3a12168f6d5786e7ad20f9b9929d7ba166efaa1"

[components.agent-notes]
repo = "hraedon/agent-notes"
version = "1.0.0"
revision = "f81cb839615170890d795460716e30bf76866a0f"

[components.agent-provenance]
repo = "hraedon/agent-provenance"
version = "0.1.0"
revision = "d065b248f4a600c8dff37f084d3808e23dc83617"

[components.agent-wake]
repo = "hraedon/agent-wake"
version = "0.1.0"
revision = "aaf41b7aac24e04c06416a70188909ac6a86de51"

[components.dossier]
repo = "hraedon/dossier"
version = "0.1.0"
revision = "90370368dfa131f0de40b97203aaf6597f893953"

[components.regista]
repo = "hraedon/regista"
version = "0.5.5"
revision = "0948dafb54cad74a7c66a94f56e60a8828e5edb1"

[memory_provider]
provider_name = "hindsight"
protocol_version = "1.0"
deployment_mode = "remote"
support_level = "supported"

